
Microsoft Visual Studio Solution File, Format Version 12.00
# Visual Studio Version 17
VisualStudioVersion = 17.14.36310.24
MinimumVisualStudioVersion = 10.0.40219.1
Project("{FAE04EC0-301F-11D3-BF4B-00C04F79EFBC}") = "GUI_QLQA", "GUI_QuanLyQuanAN\GUI_QLQA.csproj", "{F5E97736-6D9B-4D5B-A8E2-7B6090B1BDDA}"
EndProject
Project("{2150E333-8FDC-42A3-9474-1A3956D46DE8}") = "Solution Items", "Solution Items", "{8EC462FD-D22E-90A8-E5CE-7E832BA40C5D}"
	ProjectSection(SolutionItems) = preProject
		nuget.config = nuget.config
	EndProjectSection
EndProject
Project("{FAE04EC0-301F-11D3-BF4B-00C04F79EFBC}") = "DAL_QLQA", "DAL_QLQA\DAL_QLQA.csproj", "{BCA1104F-4E11-4B64-91FC-04F055BABF75}"
EndProject
Project("{FAE04EC0-301F-11D3-BF4B-00C04F79EFBC}") = "DTO_QLQA", "DTO_QLQA\DTO_QLQA.csproj", "{4E98042B-1D46-4A14-AAA7-7D463ED31A5A}"
EndProject
Project("{FAE04EC0-301F-11D3-BF4B-00C04F79EFBC}") = "UTIL_QLQA", "UTIL_QLQA\UTIL_QLQA.csproj", "{D390C024-3D95-4F75-8C40-3D2BAF33EAB2}"
EndProject
Project("{FAE04EC0-301F-11D3-BF4B-00C04F79EFBC}") = "BLL_QLQA", "BLL_QLQA\BLL_QLQA.csproj", "{7653995D-F0FA-4C22-BDE5-312E98D4D167}"
EndProject
Global
	GlobalSection(SolutionConfigurationPlatforms) = preSolution
		Debug|Any CPU = Debug|Any CPU
		Release|Any CPU = Release|Any CPU
	EndGlobalSection
	GlobalSection(ProjectConfigurationPlatforms) = postSolution
		{F5E97736-6D9B-4D5B-A8E2-7B6090B1BDDA}.Debug|Any CPU.ActiveCfg = Debug|Any CPU
		{F5E97736-6D9B-4D5B-A8E2-7B6090B1BDDA}.Debug|Any CPU.Build.0 = Debug|Any CPU
		{F5E97736-6D9B-4D5B-A8E2-7B6090B1BDDA}.Release|Any CPU.ActiveCfg = Release|Any CPU
		{F5E97736-6D9B-4D5B-A8E2-7B6090B1BDDA}.Release|Any CPU.Build.0 = Release|Any CPU
		{BCA1104F-4E11-4B64-91FC-04F055BABF75}.Debug|Any CPU.ActiveCfg = Debug|Any CPU
		{BCA1104F-4E11-4B64-91FC-04F055BABF75}.Debug|Any CPU.Build.0 = Debug|Any CPU
		{BCA1104F-4E11-4B64-91FC-04F055BABF75}.Release|Any CPU.ActiveCfg = Release|Any CPU
		{BCA1104F-4E11-4B64-91FC-04F055BABF75}.Release|Any CPU.Build.0 = Release|Any CPU
		{4E98042B-1D46-4A14-AAA7-7D463ED31A5A}.Debug|Any CPU.ActiveCfg = Debug|Any CPU
		{4E98042B-1D46-4A14-AAA7-7D463ED31A5A}.Debug|Any CPU.Build.0 = Debug|Any CPU
		{4E98042B-1D46-4A14-AAA7-7D463ED31A5A}.Release|Any CPU.ActiveCfg = Release|Any CPU
		{4E98042B-1D46-4A14-AAA7-7D463ED31A5A}.Release|Any CPU.Build.0 = Release|Any CPU
		{D390C024-3D95-4F75-8C40-3D2BAF33EAB2}.Debug|Any CPU.ActiveCfg = Debug|Any CPU
		{D390C024-3D95-4F75-8C40-3D2BAF33EAB2}.Debug|Any CPU.Build.0 = Debug|Any CPU
		{D390C024-3D95-4F75-8C40-3D2BAF33EAB2}.Release|Any CPU.ActiveCfg = Release|Any CPU
		{D390C024-3D95-4F75-8C40-3D2BAF33EAB2}.Release|Any CPU.Build.0 = Release|Any CPU
		{7653995D-F0FA-4C22-BDE5-312E98D4D167}.Debug|Any CPU.ActiveCfg = Debug|Any CPU
		{7653995D-F0FA-4C22-BDE5-312E98D4D167}.Debug|Any CPU.Build.0 = Debug|Any CPU
		{7653995D-F0FA-4C22-BDE5-312E98D4D167}.Release|Any CPU.ActiveCfg = Release|Any CPU
		{7653995D-F0FA-4C22-BDE5-312E98D4D167}.Release|Any CPU.Build.0 = Release|Any CPU
	EndGlobalSection
	GlobalSection(SolutionProperties) = preSolution
		HideSolutionNode = FALSE
	EndGlobalSection
	GlobalSection(ExtensibilityGlobals) = postSolution
		SolutionGuid = {BFB5DA4E-58B6-4B03-862C-5C366E190A77}
	EndGlobalSection
EndGlobal
